
Microsoft Visual Studio Solution File, Format Version 12.00
# Visual Studio Version 17
VisualStudioVersion = 17.0.31912.275
MinimumVisualStudioVersion = 10.0.40219.1
Project("{FAE04EC0-301F-11D3-BF4B-00C04F79EFBC}") = "MaquinaDeTroco", "MaquinaDeTroco.csproj", "{7451111A-49D6-4AB7-A75B-37F06ABEF19B}"
EndProject
Global
	GlobalSection(SolutionConfigurationPlatforms) = preSolution
		Debug|Any CPU = Debug|Any CPU
		Release|Any CPU = Release|Any CPU
	EndGlobalSection
	GlobalSection(ProjectConfigurationPlatforms) = postSolution
		{7451111A-49D6-4AB7-A75B-37F06ABEF19B}.Debug|Any CPU.ActiveCfg = Debug|Any CPU
		{7451111A-49D6-4AB7-A75B-37F06ABEF19B}.Debug|Any CPU.Build.0 = Debug|Any CPU
		{7451111A-49D6-4AB7-A75B-37F06ABEF19B}.Release|Any CPU.ActiveCfg = Release|Any CPU
		{7451111A-49D6-4AB7-A75B-37F06ABEF19B}.Release|Any CPU.Build.0 = Release|Any CPU
	EndGlobalSection
	GlobalSection(SolutionProperties) = preSolution
		HideSolutionNode = FALSE
	EndGlobalSection
	GlobalSection(ExtensibilityGlobals) = postSolution
		SolutionGuid = {494E5BBD-FD8E-4262-B138-84D298DC6BFA}
	EndGlobalSection
EndGlobal
